
Microsoft Visual Studio Solution File, Format Version 12.00
# Visual Studio Version 18
VisualStudioVersion = 18.9.12120.119 stable
MinimumVisualStudioVersion = 10.0.40219.1
Project("{FAE04EC0-301F-11D3-BF4B-00C04F79EFBC}") = "Exam1_Towns", "Exam1_Towns.csproj", "{DB8179F4-F7D5-4F52-83C5-4CAF407B1ABC}"
EndProject
Global
	GlobalSection(SolutionConfigurationPlatforms) = preSolution
		Debug|Any CPU = Debug|Any CPU
		Release|Any CPU = Release|Any CPU
	EndGlobalSection
	GlobalSection(ProjectConfigurationPlatforms) = postSolution
		{DB8179F4-F7D5-4F52-83C5-4CAF407B1ABC}.Debug|Any CPU.ActiveCfg = Debug|Any CPU
		{DB8179F4-F7D5-4F52-83C5-4CAF407B1ABC}.Debug|Any CPU.Build.0 = Debug|Any CPU
		{DB8179F4-F7D5-4F52-83C5-4CAF407B1ABC}.Release|Any CPU.ActiveCfg = Release|Any CPU
		{DB8179F4-F7D5-4F52-83C5-4CAF407B1ABC}.Release|Any CPU.Build.0 = Release|Any CPU
	EndGlobalSection
	GlobalSection(SolutionProperties) = preSolution
		HideSolutionNode = FALSE
	EndGlobalSection
	GlobalSection(ExtensibilityGlobals) = postSolution
		SolutionGuid = {8AA9DFB8-92F1-4930-89F9-AC5DFA4738DC}
	EndGlobalSection
EndGlobal
