
Microsoft Visual Studio Solution File, Format Version 12.00
# Visual Studio Version 17
VisualStudioVersion = 17.10.35027.167
MinimumVisualStudioVersion = 10.0.40219.1
Project("{FAE04EC0-301F-11D3-BF4B-00C04F79EFBC}") = "Exam3", "Exam3.csproj", "{877FE000-3006-47FF-9378-4E1C9C52F31C}"
EndProject
Global
	GlobalSection(SolutionConfigurationPlatforms) = preSolution
		Debug|Any CPU = Debug|Any CPU
		Release|Any CPU = Release|Any CPU
	EndGlobalSection
	GlobalSection(ProjectConfigurationPlatforms) = postSolution
		{877FE000-3006-47FF-9378-4E1C9C52F31C}.Debug|Any CPU.ActiveCfg = Debug|Any CPU
		{877FE000-3006-47FF-9378-4E1C9C52F31C}.Debug|Any CPU.Build.0 = Debug|Any CPU
		{877FE000-3006-47FF-9378-4E1C9C52F31C}.Release|Any CPU.ActiveCfg = Release|Any CPU
		{877FE000-3006-47FF-9378-4E1C9C52F31C}.Release|Any CPU.Build.0 = Release|Any CPU
	EndGlobalSection
	GlobalSection(SolutionProperties) = preSolution
		HideSolutionNode = FALSE
	EndGlobalSection
	GlobalSection(ExtensibilityGlobals) = postSolution
		SolutionGuid = {3A175DF3-80B0-4A4D-B517-3E3BDC8BB466}
	EndGlobalSection
EndGlobal
